
Microsoft Visual Studio Solution File, Format Version 12.00
# Visual Studio Version 16
VisualStudioVersion = 16.0.31624.102
MinimumVisualStudioVersion = 10.0.40219.1
Project("{9A19103F-16F7-4668-BE54-9A1E7A4F7556}") = "Incidentes.Dominio", "Incidentes.Dominio\Incidentes.Dominio.csproj", "{B19540BD-F9AB-46D5-B638-555C03D25E8B}"
EndProject
Project("{9A19103F-16F7-4668-BE54-9A1E7A4F7556}") = "Incidentes.Dominio.Test", "Incidentes.Dominio.Test\Incidentes.Dominio.Test.csproj", "{7C8E4643-0D6D-4FBF-B2F7-93779EDFB0F3}"
	ProjectSection(ProjectDependencies) = postProject
		{B19540BD-F9AB-46D5-B638-555C03D25E8B} = {B19540BD-F9AB-46D5-B638-555C03D25E8B}
	EndProjectSection
EndProject
Project("{9A19103F-16F7-4668-BE54-9A1E7A4F7556}") = "Incidentes.Logica", "Incidentes.Logica\Incidentes.Logica.csproj", "{0B2A8F83-955A-4EF7-85E3-953715ABF51C}"
	ProjectSection(ProjectDependencies) = postProject
		{B19540BD-F9AB-46D5-B638-555C03D25E8B} = {B19540BD-F9AB-46D5-B638-555C03D25E8B}
		{CA5F72E5-B86E-449F-BD41-AF80B2E89999} = {CA5F72E5-B86E-449F-BD41-AF80B2E89999}
	EndProjectSection
EndProject
Project("{9A19103F-16F7-4668-BE54-9A1E7A4F7556}") = "Incidentes.Logica.Test", "Incidentes.Logica.Test\Incidentes.Logica.Test.csproj", "{23C243FD-8107-4BC2-A627-5027930D7D36}"
EndProject
Project("{9A19103F-16F7-4668-BE54-9A1E7A4F7556}") = "Incidentes.Datos", "Incidentes.Datos\Incidentes.Datos.csproj", "{01BF4CB6-FC18-4F37-BFA6-213EAC9B931E}"
EndProject
Project("{9A19103F-16F7-4668-BE54-9A1E7A4F7556}") = "Incidentes.WebApi", "Incidentes.WebApi\Incidentes.WebApi.csproj", "{3FAA2093-0224-4853-8F20-FBDC84467E10}"
EndProject
Project("{9A19103F-16F7-4668-BE54-9A1E7A4F7556}") = "Incidentes.LogicaInterfaz", "Incidentes.Logica.Interfaz\Incidentes.LogicaInterfaz.csproj", "{CA5F72E5-B86E-449F-BD41-AF80B2E89999}"
	ProjectSection(ProjectDependencies) = postProject
		{B19540BD-F9AB-46D5-B638-555C03D25E8B} = {B19540BD-F9AB-46D5-B638-555C03D25E8B}
	EndProjectSection
EndProject
Project("{9A19103F-16F7-4668-BE54-9A1E7A4F7556}") = "Incidentes.DatosInterfaz", "Incidentes.DatosInterfaz\Incidentes.DatosInterfaz.csproj", "{C47F1DEE-2A26-4A58-B276-86F9F725FBDB}"
EndProject
Project("{9A19103F-16F7-4668-BE54-9A1E7A4F7556}") = "Incidentes.LogicaFabrica", "LogicaFabrica\Incidentes.LogicaFabrica.csproj", "{4F353144-889C-4CD2-9A30-30E18C8A821C}"
EndProject
Project("{9A19103F-16F7-4668-BE54-9A1E7A4F7556}") = "Incidentes.DatosFabrica", "Incidentes.DatosFabrica\Incidentes.DatosFabrica.csproj", "{48AAEA23-7FEA-4D0C-86E1-AD2AA53FC15A}"
EndProject
Project("{9A19103F-16F7-4668-BE54-9A1E7A4F7556}") = "Incidentes.DatosTest", "Incidentes.DatosTest\Incidentes.DatosTest.csproj", "{CC148DC7-B678-4FB0-815D-7C01F21AFB03}"
EndProject
Project("{9A19103F-16F7-4668-BE54-9A1E7A4F7556}") = "Incidentes.WebApiTest", "Incidentes.WebApiTest\Incidentes.WebApiTest.csproj", "{6C683AF6-02EA-4E57-9A10-6F98EC45560F}"
EndProject
Project("{FAE04EC0-301F-11D3-BF4B-00C04F79EFBC}") = "Incidentes.ImportacionesXML", "Incidentes.ImportacionesXML\Incidentes.ImportacionesXML.csproj", "{688C727A-A3D9-4D04-A5A4-F55215603026}"
EndProject
Global
	GlobalSection(SolutionConfigurationPlatforms) = preSolution
		Debug|Any CPU = Debug|Any CPU
		Release|Any CPU = Release|Any CPU
	EndGlobalSection
	GlobalSection(ProjectConfigurationPlatforms) = postSolution
		{B19540BD-F9AB-46D5-B638-555C03D25E8B}.Debug|Any CPU.ActiveCfg = Debug|Any CPU
		{B19540BD-F9AB-46D5-B638-555C03D25E8B}.Debug|Any CPU.Build.0 = Debug|Any CPU
		{B19540BD-F9AB-46D5-B638-555C03D25E8B}.Release|Any CPU.ActiveCfg = Release|Any CPU
		{B19540BD-F9AB-46D5-B638-555C03D25E8B}.Release|Any CPU.Build.0 = Release|Any CPU
		{7C8E4643-0D6D-4FBF-B2F7-93779EDFB0F3}.Debug|Any CPU.ActiveCfg = Debug|Any CPU
		{7C8E4643-0D6D-4FBF-B2F7-93779EDFB0F3}.Debug|Any CPU.Build.0 = Debug|Any CPU
		{7C8E4643-0D6D-4FBF-B2F7-93779EDFB0F3}.Release|Any CPU.ActiveCfg = Release|Any CPU
		{7C8E4643-0D6D-4FBF-B2F7-93779EDFB0F3}.Release|Any CPU.Build.0 = Release|Any CPU
		{0B2A8F83-955A-4EF7-85E3-953715ABF51C}.Debug|Any CPU.ActiveCfg = Debug|Any CPU
		{0B2A8F83-955A-4EF7-85E3-953715ABF51C}.Debug|Any CPU.Build.0 = Debug|Any CPU
		{0B2A8F83-955A-4EF7-85E3-953715ABF51C}.Release|Any CPU.ActiveCfg = Release|Any CPU
		{0B2A8F83-955A-4EF7-85E3-953715ABF51C}.Release|Any CPU.Build.0 = Release|Any CPU
		{23C243FD-8107-4BC2-A627-5027930D7D36}.Debug|Any CPU.ActiveCfg = Debug|Any CPU
		{23C243FD-8107-4BC2-A627-5027930D7D36}.Debug|Any CPU.Build.0 = Debug|Any CPU
		{23C243FD-8107-4BC2-A627-5027930D7D36}.Release|Any CPU.ActiveCfg = Release|Any CPU
		{23C243FD-8107-4BC2-A627-5027930D7D36}.Release|Any CPU.Build.0 = Release|Any CPU
		{01BF4CB6-FC18-4F37-BFA6-213EAC9B931E}.Debug|Any CPU.ActiveCfg = Debug|Any CPU
		{01BF4CB6-FC18-4F37-BFA6-213EAC9B931E}.Debug|Any CPU.Build.0 = Debug|Any CPU
		{01BF4CB6-FC18-4F37-BFA6-213EAC9B931E}.Release|Any CPU.ActiveCfg = Release|Any CPU
		{01BF4CB6-FC18-4F37-BFA6-213EAC9B931E}.Release|Any CPU.Build.0 = Release|Any CPU
		{3FAA2093-0224-4853-8F20-FBDC84467E10}.Debug|Any CPU.ActiveCfg = Debug|Any CPU
		{3FAA2093-0224-4853-8F20-FBDC84467E10}.Debug|Any CPU.Build.0 = Debug|Any CPU
		{3FAA2093-0224-4853-8F20-FBDC84467E10}.Release|Any CPU.ActiveCfg = Release|Any CPU
		{3FAA2093-0224-4853-8F20-FBDC84467E10}.Release|Any CPU.Build.0 = Release|Any CPU
		{CA5F72E5-B86E-449F-BD41-AF80B2E89999}.Debug|Any CPU.ActiveCfg = Debug|Any CPU
		{CA5F72E5-B86E-449F-BD41-AF80B2E89999}.Debug|Any CPU.Build.0 = Debug|Any CPU
		{CA5F72E5-B86E-449F-BD41-AF80B2E89999}.Release|Any CPU.ActiveCfg = Release|Any CPU
		{CA5F72E5-B86E-449F-BD41-AF80B2E89999}.Release|Any CPU.Build.0 = Release|Any CPU
		{C47F1DEE-2A26-4A58-B276-86F9F725FBDB}.Debug|Any CPU.ActiveCfg = Debug|Any CPU
		{C47F1DEE-2A26-4A58-B276-86F9F725FBDB}.Debug|Any CPU.Build.0 = Debug|Any CPU
		{C47F1DEE-2A26-4A58-B276-86F9F725FBDB}.Release|Any CPU.ActiveCfg = Release|Any CPU
		{C47F1DEE-2A26-4A58-B276-86F9F725FBDB}.Release|Any CPU.Build.0 = Release|Any CPU
		{4F353144-889C-4CD2-9A30-30E18C8A821C}.Debug|Any CPU.ActiveCfg = Debug|Any CPU
		{4F353144-889C-4CD2-9A30-30E18C8A821C}.Debug|Any CPU.Build.0 = Debug|Any CPU
		{4F353144-889C-4CD2-9A30-30E18C8A821C}.Release|Any CPU.ActiveCfg = Release|Any CPU
		{4F353144-889C-4CD2-9A30-30E18C8A821C}.Release|Any CPU.Build.0 = Release|Any CPU
		{48AAEA23-7FEA-4D0C-86E1-AD2AA53FC15A}.Debug|Any CPU.ActiveCfg = Debug|Any CPU
		{48AAEA23-7FEA-4D0C-86E1-AD2AA53FC15A}.Debug|Any CPU.Build.0 = Debug|Any CPU
		{48AAEA23-7FEA-4D0C-86E1-AD2AA53FC15A}.Release|Any CPU.ActiveCfg = Release|Any CPU
		{48AAEA23-7FEA-4D0C-86E1-AD2AA53FC15A}.Release|Any CPU.Build.0 = Release|Any CPU
		{CC148DC7-B678-4FB0-815D-7C01F21AFB03}.Debug|Any CPU.ActiveCfg = Debug|Any CPU
		{CC148DC7-B678-4FB0-815D-7C01F21AFB03}.Debug|Any CPU.Build.0 = Debug|Any CPU
		{CC148DC7-B678-4FB0-815D-7C01F21AFB03}.Release|Any CPU.ActiveCfg = Release|Any CPU
		{CC148DC7-B678-4FB0-815D-7C01F21AFB03}.Release|Any CPU.Build.0 = Release|Any CPU
		{6C683AF6-02EA-4E57-9A10-6F98EC45560F}.Debug|Any CPU.ActiveCfg = Debug|Any CPU
		{6C683AF6-02EA-4E57-9A10-6F98EC45560F}.Debug|Any CPU.Build.0 = Debug|Any CPU
		{6C683AF6-02EA-4E57-9A10-6F98EC45560F}.Release|Any CPU.ActiveCfg = Release|Any CPU
		{6C683AF6-02EA-4E57-9A10-6F98EC45560F}.Release|Any CPU.Build.0 = Release|Any CPU
		{688C727A-A3D9-4D04-A5A4-F55215603026}.Debug|Any CPU.ActiveCfg = Debug|Any CPU
		{688C727A-A3D9-4D04-A5A4-F55215603026}.Debug|Any CPU.Build.0 = Debug|Any CPU
		{688C727A-A3D9-4D04-A5A4-F55215603026}.Release|Any CPU.ActiveCfg = Release|Any CPU
		{688C727A-A3D9-4D04-A5A4-F55215603026}.Release|Any CPU.Build.0 = Release|Any CPU
	EndGlobalSection
	GlobalSection(SolutionProperties) = preSolution
		HideSolutionNode = FALSE
	EndGlobalSection
	GlobalSection(ExtensibilityGlobals) = postSolution
		SolutionGuid = {12C5B631-C572-4ECA-8EFC-C36C1D05BAEF}
	EndGlobalSection
EndGlobal
